// !$*UTF8*$!
{
	archiveVersion = 1;
	classes = {
	};
	objectVersion = 51;
	objects = {

/* Begin PBXBuildFile section */
		413EB6442685C93E002DBCEB /* FilterService.swift in Sources */ = {isa = PBXBuildFile; fileRef = 413EB6432685C93E002DBCEB /* FilterService.swift */; };
		417D2CB6268327B400100F9F /* AppDelegate.swift in Sources */ = {isa = PBXBuildFile; fileRef = 417D2CB5268327B400100F9F /* AppDelegate.swift */; };
		417D2CB8268327B400100F9F /* SceneDelegate.swift in Sources */ = {isa = PBXBuildFile; fileRef = 417D2CB7268327B400100F9F /* SceneDelegate.swift */; };
		417D2CBA268327B400100F9F /* ViewController.swift in Sources */ = {isa = PBXBuildFile; fileRef = 417D2CB9268327B400100F9F /* ViewController.swift */; };
		417D2CBD268327B400100F9F /* Main.storyboard in Resources */ = {isa = PBXBuildFile; fileRef = 417D2CBB268327B400100F9F /* Main.storyboard */; };
		417D2CBF268327B800100F9F /* Assets.xcassets in Resources */ = {isa = PBXBuildFile; fileRef = 417D2CBE268327B800100F9F /* Assets.xcassets */; };
		417D2CC2268327B800100F9F /* LaunchScreen.storyboard in Resources */ = {isa = PBXBuildFile; fileRef = 417D2CC0268327B800100F9F /* LaunchScreen.storyboard */; };
		417D2CCA268328A200100F9F /* PhotoCollectionViewController.swift in Sources */ = {isa = PBXBuildFile; fileRef = 417D2CC9268328A200100F9F /* PhotoCollectionViewController.swift */; };
		417D2CCE26854F9C00100F9F /* PhotoCollectionViewCell.swift in Sources */ = {isa = PBXBuildFile; fileRef = 417D2CCD26854F9C00100F9F /* PhotoCollectionViewCell.swift */; };
		51AC37B26F4F9133C8FFE479 /* Pods_CameraFilter.framework in Frameworks */ = {isa = PBXBuildFile; fileRef = 1E8794EEAFCEC1E987A079AD /* Pods_CameraFilter.framework */; };
/* End PBXBuildFile section */

/* Begin PBXFileReference section */
		04A529479318D4DFC531C2A5 /* Pods-CameraFilter.debug.xcconfig */ = {isa = PBXFileReference; includeInIndex = 1; lastKnownFileType = text.xcconfig; name = "Pods-CameraFilter.debug.xcconfig"; path = "Target Support Files/Pods-CameraFilter/Pods-CameraFilter.debug.xcconfig"; sourceTree = "<group>"; };
		1E8794EEAFCEC1E987A079AD /* Pods_CameraFilter.framework */ = {isa = PBXFileReference; explicitFileType = wrapper.framework; includeInIndex = 0; path = Pods_CameraFilter.framework; sourceTree = BUILT_PRODUCTS_DIR; };
		413EB6432685C93E002DBCEB /* FilterService.swift */ = {isa = PBXFileReference; lastKnownFileType = sourcecode.swift; path = FilterService.swift; sourceTree = "<group>"; };
		417D2CB2268327B400100F9F /* CameraFilter.app */ = {isa = PBXFileReference; explicitFileType = wrapper.application; includeInIndex = 0; path = CameraFilter.app; sourceTree = BUILT_PRODUCTS_DIR; };
		417D2CB5268327B400100F9F /* AppDelegate.swift */ = {isa = PBXFileReference; lastKnownFileType = sourcecode.swift; path = AppDelegate.swift; sourceTree = "<group>"; };
		417D2CB7268327B400100F9F /* SceneDelegate.swift */ = {isa = PBXFileReference; lastKnownFileType = sourcecode.swift; path = SceneDelegate.swift; sourceTree = "<group>"; };
		417D2CB9268327B400100F9F /* ViewController.swift */ = {isa = PBXFileReference; lastKnownFileType = sourcecode.swift; path = ViewController.swift; sourceTree = "<group>"; };
		417D2CBC268327B400100F9F /* Base */ = {isa = PBXFileReference; lastKnownFileType = file.storyboard; name = Base; path = Base.lproj/Main.storyboard; sourceTree = "<group>"; };
		417D2CBE268327B800100F9F /* Assets.xcassets */ = {isa = PBXFileReference; lastKnownFileType = folder.assetcatalog; path = Assets.xcassets; sourceTree = "<group>"; };
		417D2CC1268327B800100F9F /* Base */ = {isa = PBXFileReference; lastKnownFileType = file.storyboard; name = Base; path = Base.lproj/LaunchScreen.storyboard; sourceTree = "<group>"; };
		417D2CC3268327B800100F9F /* Info.plist */ = {isa = PBXFileReference; lastKnownFileType = text.plist.xml; path = Info.plist; sourceTree = "<group>"; };
		417D2CC9268328A200100F9F /* PhotoCollectionViewController.swift */ = {isa = PBXFileReference; lastKnownFileType = sourcecode.swift; path = PhotoCollectionViewController.swift; sourceTree = "<group>"; };
		417D2CCD26854F9C00100F9F /* PhotoCollectionViewCell.swift */ = {isa = PBXFileReference; lastKnownFileType = sourcecode.swift; path = PhotoCollectionViewCell.swift; sourceTree = "<group>"; };
		8A1F77B06BB515726E802007 /* Pods-CameraFilter.release.xcconfig */ = {isa = PBXFileReference; includeInIndex = 1; lastKnownFileType = text.xcconfig; name = "Pods-CameraFilter.release.xcconfig"; path = "Target Support Files/Pods-CameraFilter/Pods-CameraFilter.release.xcconfig"; sourceTree = "<group>"; };
/* End PBXFileReference section */

/* Begin PBXFrameworksBuildPhase section */
		417D2CAF268327B400100F9F /* Frameworks */ = {
			isa = PBXFrameworksBuildPhase;
			buildActionMask = 2147483647;
			files = (
				51AC37B26F4F9133C8FFE479 /* Pods_CameraFilter.framework in Frameworks */,
			);
			runOnlyForDeploymentPostprocessing = 0;
		};
/* End PBXFrameworksBuildPhase section */

/* Begin PBXGroup section */
		413EB6412685C92C002DBCEB /* Model */ = {
			isa = PBXGroup;
			children = (
				413EB6422685C931002DBCEB /* Logic */,
			);
			path = Model;
			sourceTree = "<group>";
		};
		413EB6422685C931002DBCEB /* Logic */ = {
			isa = PBXGroup;
			children = (
				413EB6432685C93E002DBCEB /* FilterService.swift */,
			);
			path = Logic;
			sourceTree = "<group>";
		};
		417D2CA9268327B300100F9F = {
			isa = PBXGroup;
			children = (
				417D2CB4268327B400100F9F /* CameraFilter */,
				417D2CB3268327B400100F9F /* Products */,
				F799CD985E5FFF34787BC1E9 /* Pods */,
				CD9135084C39A57C8ED5B1E3 /* Frameworks */,
			);
			sourceTree = "<group>";
		};
		417D2CB3268327B400100F9F /* Products */ = {
			isa = PBXGroup;
			children = (
				417D2CB2268327B400100F9F /* CameraFilter.app */,
			);
			name = Products;
			sourceTree = "<group>";
		};
		417D2CB4268327B400100F9F /* CameraFilter */ = {
			isa = PBXGroup;
			children = (
				417D2CCB26832DC700100F9F /* Applications */,
				413EB6412685C92C002DBCEB /* Model */,
				417D2CCC26832DD200100F9F /* Controllers */,
				417D2CBE268327B800100F9F /* Assets.xcassets */,
			);
			path = CameraFilter;
			sourceTree = "<group>";
		};
		417D2CCB26832DC700100F9F /* Applications */ = {
			isa = PBXGroup;
			children = (
				417D2CB7268327B400100F9F /* SceneDelegate.swift */,
				417D2CB5268327B400100F9F /* AppDelegate.swift */,
				417D2CC0268327B800100F9F /* LaunchScreen.storyboard */,
				417D2CC3268327B800100F9F /* Info.plist */,
			);
			path = Applications;
			sourceTree = "<group>";
		};
		417D2CCC26832DD200100F9F /* Controllers */ = {
			isa = PBXGroup;
			children = (
				417D2CB9268327B400100F9F /* ViewController.swift */,
				417D2CBB268327B400100F9F /* Main.storyboard */,
				417D2CCD26854F9C00100F9F /* PhotoCollectionViewCell.swift */,
				417D2CC9268328A200100F9F /* PhotoCollectionViewController.swift */,
			);
			path = Controllers;
			sourceTree = "<group>";
		};
		CD9135084C39A57C8ED5B1E3 /* Frameworks */ = {
			isa = PBXGroup;
			children = (
				1E8794EEAFCEC1E987A079AD /* Pods_CameraFilter.framework */,
			);
			name = Frameworks;
			sourceTree = "<group>";
		};
		F799CD985E5FFF34787BC1E9 /* Pods */ = {
			isa = PBXGroup;
			children = (
				04A529479318D4DFC531C2A5 /* Pods-CameraFilter.debug.xcconfig */,
				8A1F77B06BB515726E802007 /* Pods-CameraFilter.release.xcconfig */,
			);
			path = Pods;
			sourceTree = "<group>";
		};
/* End PBXGroup section */

/* Begin PBXNativeTarget section */
		417D2CB1268327B400100F9F /* CameraFilter */ = {
			isa = PBXNativeTarget;
			buildConfigurationList = 417D2CC6268327B800100F9F /* Build configuration list for PBXNativeTarget "CameraFilter" */;
			buildPhases = (
				2F9ED0A3427FF057DA8EC278 /* [CP] Check Pods Manifest.lock */,
				417D2CAE268327B400100F9F /* Sources */,
				417D2CAF268327B400100F9F /* Frameworks */,
				417D2CB0268327B400100F9F /* Resources */,
				4A66D66F68EC3FECEA5659C9 /* [CP] Embed Pods Frameworks */,
			);
			buildRules = (
			);
			dependencies = (
			);
			name = CameraFilter;
			productName = CameraFilter;
			productReference = 417D2CB2268327B400100F9F /* CameraFilter.app */;
			productType = "com.apple.product-type.application";
		};
/* End PBXNativeTarget section */

/* Begin PBXProject section */
		417D2CAA268327B300100F9F /* Project object */ = {
			isa = PBXProject;
			attributes = {
				LastSwiftUpdateCheck = 1250;
				LastUpgradeCheck = 1250;
				TargetAttributes = {
					417D2CB1268327B400100F9F = {
						CreatedOnToolsVersion = 12.5;
					};
				};
			};
			buildConfigurationList = 417D2CAD268327B400100F9F /* Build configuration list for PBXProject "CameraFilter" */;
			compatibilityVersion = "Xcode 9.3";
			developmentRegion = en;
			hasScannedForEncodings = 0;
			knownRegions = (
				en,
				Base,
			);
			mainGroup = 417D2CA9268327B300100F9F;
			productRefGroup = 417D2CB3268327B400100F9F /* Products */;
			projectDirPath = "";
			projectRoot = "";
			targets = (
				417D2CB1268327B400100F9F /* CameraFilter */,
			);
		};
/* End PBXProject section */

/* Begin PBXResourcesBuildPhase section */
		417D2CB0268327B400100F9F /* Resources */ = {
			isa = PBXResourcesBuildPhase;
			buildActionMask = 2147483647;
			files = (
				417D2CC2268327B800100F9F /* LaunchScreen.storyboard in Resources */,
				417D2CBF268327B800100F9F /* Assets.xcassets in Resources */,
				417D2CBD268327B400100F9F /* Main.storyboard in Resources */,
			);
			runOnlyForDeploymentPostprocessing = 0;
		};
/* End PBXResourcesBuildPhase section */

/* Begin PBXShellScriptBuildPhase section */
		2F9ED0A3427FF057DA8EC278 /* [CP] Check Pods Manifest.lock */ = {
			isa = PBXShellScriptBuildPhase;
			buildActionMask = 2147483647;
			files = (
			);
			inputFileListPaths = (
			);
			inputPaths = (
				"${PODS_PODFILE_DIR_PATH}/Podfile.lock",
				"${PODS_ROOT}/Manifest.lock",
			);
			name = "[CP] Check Pods Manifest.lock";
			outputFileListPaths = (
			);
			outputPaths = (
				"$(DERIVED_FILE_DIR)/Pods-CameraFilter-checkManifestLockResult.txt",
			);
			runOnlyForDeploymentPostprocessing = 0;
			shellPath = /bin/sh;
			shellScript = "diff \"${PODS_PODFILE_DIR_PATH}/Podfile.lock\" \"${PODS_ROOT}/Manifest.lock\" > /dev/null\nif [ $? != 0 ] ; then\n    # print error to STDERR\n    echo \"error: The sandbox is not in sync with the Podfile.lock. Run 'pod install' or update your CocoaPods installation.\" >&2\n    exit 1\nfi\n# This output is used by Xcode 'outputs' to avoid re-running this script phase.\necho \"SUCCESS\" > \"${SCRIPT_OUTPUT_FILE_0}\"\n";
			showEnvVarsInLog = 0;
		};
		4A66D66F68EC3FECEA5659C9 /* [CP] Embed Pods Frameworks */ = {
			isa = PBXShellScriptBuildPhase;
			buildActionMask = 2147483647;
			files = (
			);
			inputFileListPaths = (
				"${PODS_ROOT}/Target Support Files/Pods-CameraFilter/Pods-CameraFilter-frameworks-${CONFIGURATION}-input-files.xcfilelist",
			);
			name = "[CP] Embed Pods Frameworks";
			outputFileListPaths = (
				"${PODS_ROOT}/Target Support Files/Pods-CameraFilter/Pods-CameraFilter-frameworks-${CONFIGURATION}-output-files.xcfilelist",
			);
			runOnlyForDeploymentPostprocessing = 0;
			shellPath = /bin/sh;
			shellScript = "\"${PODS_ROOT}/Target Support Files/Pods-CameraFilter/Pods-CameraFilter-frameworks.sh\"\n";
			showEnvVarsInLog = 0;
		};
/* End PBXShellScriptBuildPhase section */

/* Begin PBXSourcesBuildPhase section */
		417D2CAE268327B400100F9F /* Sources */ = {
			isa = PBXSourcesBuildPhase;
			buildActionMask = 2147483647;
			files = (
				417D2CBA268327B400100F9F /* ViewController.swift in Sources */,
				417D2CCE26854F9C00100F9F /* PhotoCollectionViewCell.swift in Sources */,
				417D2CB6268327B400100F9F /* AppDelegate.swift in Sources */,
				413EB6442685C93E002DBCEB /* FilterService.swift in Sources */,
				417D2CB8268327B400100F9F /* SceneDelegate.swift in Sources */,
				417D2CCA268328A200100F9F /* PhotoCollectionViewController.swift in Sources */,
			);
			runOnlyForDeploymentPostprocessing = 0;
		};
/* End PBXSourcesBuildPhase section */

/* Begin PBXVariantGroup section */
		417D2CBB268327B400100F9F /* Main.storyboard */ = {
			isa = PBXVariantGroup;
			children = (
				417D2CBC268327B400100F9F /* Base */,
			);
			name = Main.storyboard;
			sourceTree = "<group>";
		};
		417D2CC0268327B800100F9F /* LaunchScreen.storyboard */ = {
			isa = PBXVariantGroup;
			children = (
				417D2CC1268327B800100F9F /* Base */,
			);
			name = LaunchScreen.storyboard;
			sourceTree = "<group>";
		};
/* End PBXVariantGroup section */

/* Begin XCBuildConfiguration section */
		417D2CC4268327B800100F9F /* Debug */ = {
			isa = XCBuildConfiguration;
			buildSettings = {
				ALWAYS_SEARCH_USER_PATHS = NO;
				CLANG_ANALYZER_NONNULL = YES;
				CLANG_ANALYZER_NUMBER_OBJECT_CONVERSION = YES_AGGRESSIVE;
				CLANG_CXX_LANGUAGE_STANDARD = "gnu++14";
				CLANG_CXX_LIBRARY = "libc++";
				CLANG_ENABLE_MODULES = YES;
				CLANG_ENABLE_OBJC_ARC = YES;
				CLANG_ENABLE_OBJC_WEAK = YES;
				CLANG_WARN_BLOCK_CAPTURE_AUTORELEASING = YES;
				CLANG_WARN_BOOL_CONVERSION = YES;
				CLANG_WARN_COMMA = YES;
				CLANG_WARN_CONSTANT_CONVERSION = YES;
				CLANG_WARN_DEPRECATED_OBJC_IMPLEMENTATIONS = YES;
				CLANG_WARN_DIRECT_OBJC_ISA_USAGE = YES_ERROR;
				CLANG_WARN_DOCUMENTATION_COMMENTS = YES;
				CLANG_WARN_EMPTY_BODY = YES;
				CLANG_WARN_ENUM_CONVERSION = YES;
				CLANG_WARN_INFINITE_RECURSION = YES;
				CLANG_WARN_INT_CONVERSION = YES;
				CLANG_WARN_NON_LITERAL_NULL_CONVERSION = YES;
				CLANG_WARN_OBJC_IMPLICIT_RETAIN_SELF = YES;
				CLANG_WARN_OBJC_LITERAL_CONVERSION = YES;
				CLANG_WARN_OBJC_ROOT_CLASS = YES_ERROR;
				CLANG_WARN_QUOTED_INCLUDE_IN_FRAMEWORK_HEADER = YES;
				CLANG_WARN_RANGE_LOOP_ANALYSIS = YES;
				CLANG_WARN_STRICT_PROTOTYPES = YES;
				CLANG_WARN_SUSPICIOUS_MOVE = YES;
				CLANG_WARN_UNGUARDED_AVAILABILITY = YES_AGGRESSIVE;
				CLANG_WARN_UNREACHABLE_CODE = YES;
				CLANG_WARN__DUPLICATE_METHOD_MATCH = YES;
				COPY_PHASE_STRIP = NO;
				DEBUG_INFORMATION_FORMAT = dwarf;
				ENABLE_STRICT_OBJC_MSGSEND = YES;
				ENABLE_TESTABILITY = YES;
				GCC_C_LANGUAGE_STANDARD = gnu11;
				GCC_DYNAMIC_NO_PIC = NO;
				GCC_NO_COMMON_BLOCKS = YES;
				GCC_OPTIMIZATION_LEVEL = 0;
				GCC_PREPROCESSOR_DEFINITIONS = (
					"DEBUG=1",
					"$(inherited)",
				);
				GCC_WARN_64_TO_32_BIT_CONVERSION = YES;
				GCC_WARN_ABOUT_RETURN_TYPE = YES_ERROR;
				GCC_WARN_UNDECLARED_SELECTOR = YES;
				GCC_WARN_UNINITIALIZED_AUTOS = YES_AGGRESSIVE;
				GCC_WARN_UNUSED_FUNCTION = YES;
				GCC_WARN_UNUSED_VARIABLE = YES;
				IPHONEOS_DEPLOYMENT_TARGET = 14.5;
				MTL_ENABLE_DEBUG_INFO = INCLUDE_SOURCE;
				MTL_FAST_MATH = YES;
				ONLY_ACTIVE_ARCH = YES;
				SDKROOT = iphoneos;
				SWIFT_ACTIVE_COMPILATION_CONDITIONS = DEBUG;
				SWIFT_OPTIMIZATION_LEVEL = "-Onone";
			};
			name = Debug;
		};
		417D2CC5268327B800100F9F /* Release */ = {
			isa = XCBuildConfiguration;
			buildSettings = {
				ALWAYS_SEARCH_USER_PATHS = NO;
				CLANG_ANALYZER_NONNULL = YES;
				CLANG_ANALYZER_NUMBER_OBJECT_CONVERSION = YES_AGGRESSIVE;
				CLANG_CXX_LANGUAGE_STANDARD = "gnu++14";
				CLANG_CXX_LIBRARY = "libc++";
				CLANG_ENABLE_MODULES = YES;
				CLANG_ENABLE_OBJC_ARC = YES;
				CLANG_ENABLE_OBJC_WEAK = YES;
				CLANG_WARN_BLOCK_CAPTURE_AUTORELEASING = YES;
				CLANG_WARN_BOOL_CONVERSION = YES;
				CLANG_WARN_COMMA = YES;
				CLANG_WARN_CONSTANT_CONVERSION = YES;
				CLANG_WARN_DEPRECATED_OBJC_IMPLEMENTATIONS = YES;
				CLANG_WARN_DIRECT_OBJC_ISA_USAGE = YES_ERROR;
				CLANG_WARN_DOCUMENTATION_COMMENTS = YES;
				CLANG_WARN_EMPTY_BODY = YES;
				CLANG_WARN_ENUM_CONVERSION = YES;
				CLANG_WARN_INFINITE_RECURSION = YES;
				CLANG_WARN_INT_CONVERSION = YES;
				CLANG_WARN_NON_LITERAL_NULL_CONVERSION = YES;
				CLANG_WARN_OBJC_IMPLICIT_RETAIN_SELF = YES;
				CLANG_WARN_OBJC_LITERAL_CONVERSION = YES;
				CLANG_WARN_OBJC_ROOT_CLASS = YES_ERROR;
				CLANG_WARN_QUOTED_INCLUDE_IN_FRAMEWORK_HEADER = YES;
				CLANG_WARN_RANGE_LOOP_ANALYSIS = YES;
				CLANG_WARN_STRICT_PROTOTYPES = YES;
				CLANG_WARN_SUSPICIOUS_MOVE = YES;
				CLANG_WARN_UNGUARDED_AVAILABILITY = YES_AGGRESSIVE;
				CLANG_WARN_UNREACHABLE_CODE = YES;
				CLANG_WARN__DUPLICATE_METHOD_MATCH = YES;
				COPY_PHASE_STRIP = NO;
				DEBUG_INFORMATION_FORMAT = "dwarf-with-dsym";
				ENABLE_NS_ASSERTIONS = NO;
				ENABLE_STRICT_OBJC_MSGSEND = YES;
				GCC_C_LANGUAGE_STANDARD = gnu11;
				GCC_NO_COMMON_BLOCKS = YES;
				GCC_WARN_64_TO_32_BIT_CONVERSION = YES;
				GCC_WARN_ABOUT_RETURN_TYPE = YES_ERROR;
				GCC_WARN_UNDECLARED_SELECTOR = YES;
				GCC_WARN_UNINITIALIZED_AUTOS = YES_AGGRESSIVE;
				GCC_WARN_UNUSED_FUNCTION = YES;
				GCC_WARN_UNUSED_VARIABLE = YES;
				IPHONEOS_DEPLOYMENT_TARGET = 14.5;
				MTL_ENABLE_DEBUG_INFO = NO;
				MTL_FAST_MATH = YES;
				SDKROOT = iphoneos;
				SWIFT_COMPILATION_MODE = wholemodule;
				SWIFT_OPTIMIZATION_LEVEL = "-O";
				VALIDATE_PRODUCT = YES;
			};
			name = Release;
		};
		417D2CC7268327B800100F9F /* Debug */ = {
			isa = XCBuildConfiguration;
			baseConfigurationReference = 04A529479318D4DFC531C2A5 /* Pods-CameraFilter.debug.xcconfig */;
			buildSettings = {
				ASSETCATALOG_COMPILER_APPICON_NAME = AppIcon;
				ASSETCATALOG_COMPILER_GLOBAL_ACCENT_COLOR_NAME = AccentColor;
				CODE_SIGN_STYLE = Automatic;
				DEVELOPMENT_TEAM = PCCZJUYRT6;
				INFOPLIST_FILE = CameraFilter/Applications/Info.plist;
				LD_RUNPATH_SEARCH_PATHS = (
					"$(inherited)",
					"@executable_path/Frameworks",
				);
				PRODUCT_BUNDLE_IDENTIFIER = com.kazua.CameraFilter;
				PRODUCT_NAME = "$(TARGET_NAME)";
				SWIFT_VERSION = 5.0;
				TARGETED_DEVICE_FAMILY = "1,2";
			};
			name = Debug;
		};
		417D2CC8268327B800100F9F /* Release */ = {
			isa = XCBuildConfiguration;
			baseConfigurationReference = 8A1F77B06BB515726E802007 /* Pods-CameraFilter.release.xcconfig */;
			buildSettings = {
				ASSETCATALOG_COMPILER_APPICON_NAME = AppIcon;
				ASSETCATALOG_COMPILER_GLOBAL_ACCENT_COLOR_NAME = AccentColor;
				CODE_SIGN_STYLE = Automatic;
				DEVELOPMENT_TEAM = PCCZJUYRT6;
				INFOPLIST_FILE = CameraFilter/Applications/Info.plist;
				LD_RUNPATH_SEARCH_PATHS = (
					"$(inherited)",
					"@executable_path/Frameworks",
				);
				PRODUCT_BUNDLE_IDENTIFIER = com.kazua.CameraFilter;
				PRODUCT_NAME = "$(TARGET_NAME)";
				SWIFT_VERSION = 5.0;
				TARGETED_DEVICE_FAMILY = "1,2";
			};
			name = Release;
		};
/* End XCBuildConfiguration section */

/* Begin XCConfigurationList section */
		417D2CAD268327B400100F9F /* Build configuration list for PBXProject "CameraFilter" */ = {
			isa = XCConfigurationList;
			buildConfigurations = (
				417D2CC4268327B800100F9F /* Debug */,
				417D2CC5268327B800100F9F /* Release */,
			);
			defaultConfigurationIsVisible = 0;
			defaultConfigurationName = Release;
		};
		417D2CC6268327B800100F9F /* Build configuration list for PBXNativeTarget "CameraFilter" */ = {
			isa = XCConfigurationList;
			buildConfigurations = (
				417D2CC7268327B800100F9F /* Debug */,
				417D2CC8268327B800100F9F /* Release */,
			);
			defaultConfigurationIsVisible = 0;
			defaultConfigurationName = Release;
		};
/* End XCConfigurationList section */
	};
	rootObject = 417D2CAA268327B300100F9F /* Project object */;
}
